
Microsoft Visual Studio Solution File, Format Version 12.00
Project("{FAE04EC0-301F-11D3-BF4B-00C04F79EFBC}") = "VetCare.API", "VetCare.API\VetCare.API.csproj", "{4BE3EC3E-8B4A-4E3C-A78D-E2583399117D}"
EndProject
Global
	GlobalSection(SolutionConfigurationPlatforms) = preSolution
		Debug|Any CPU = Debug|Any CPU
		Release|Any CPU = Release|Any CPU
	EndGlobalSection
	GlobalSection(ProjectConfigurationPlatforms) = postSolution
		{4BE3EC3E-8B4A-4E3C-A78D-E2583399117D}.Debug|Any CPU.ActiveCfg = Debug|Any CPU
		{4BE3EC3E-8B4A-4E3C-A78D-E2583399117D}.Debug|Any CPU.Build.0 = Debug|Any CPU
		{4BE3EC3E-8B4A-4E3C-A78D-E2583399117D}.Release|Any CPU.ActiveCfg = Release|Any CPU
		{4BE3EC3E-8B4A-4E3C-A78D-E2583399117D}.Release|Any CPU.Build.0 = Release|Any CPU
	EndGlobalSection
EndGlobal
